
Microsoft Visual Studio Solution File, Format Version 12.00
# Visual Studio Version 17
VisualStudioVersion = 17.1.32210.238
MinimumVisualStudioVersion = 10.0.40219.1
Project("{FAE04EC0-301F-11D3-BF4B-00C04F79EFBC}") = "01. Extract Person Information", "01. Extract Person Information\01. Extract Person Information.csproj", "{274D9C0E-E76A-41EE-82B6-015373E8AF0F}"
EndProject
Project("{FAE04EC0-301F-11D3-BF4B-00C04F79EFBC}") = "02. Ascii Sumator", "02. Ascii Sumator\02. Ascii Sumator.csproj", "{787901FA-F890-4803-A02E-A23D1DAE0D66}"
EndProject
Project("{FAE04EC0-301F-11D3-BF4B-00C04F79EFBC}") = "03. Treasure Finder", "03. Treasure Finder\03. Treasure Finder.csproj", "{D7C4E220-7CF4-480A-96B2-58200DB57F20}"
EndProject
Project("{FAE04EC0-301F-11D3-BF4B-00C04F79EFBC}") = "04. Morse Code Translator", "04. Morse Code Translator\04. Morse Code Translator.csproj", "{B2CE7C6D-8728-44C9-9DF4-053623CD35EA}"
EndProject
Project("{FAE04EC0-301F-11D3-BF4B-00C04F79EFBC}") = "05. HTML", "05. HTML\05. HTML.csproj", "{F7BDC30D-E2E0-42D6-A854-70D740845CD9}"
EndProject
Global
	GlobalSection(SolutionConfigurationPlatforms) = preSolution
		Debug|Any CPU = Debug|Any CPU
		Release|Any CPU = Release|Any CPU
	EndGlobalSection
	GlobalSection(ProjectConfigurationPlatforms) = postSolution
		{274D9C0E-E76A-41EE-82B6-015373E8AF0F}.Debug|Any CPU.ActiveCfg = Debug|Any CPU
		{274D9C0E-E76A-41EE-82B6-015373E8AF0F}.Debug|Any CPU.Build.0 = Debug|Any CPU
		{274D9C0E-E76A-41EE-82B6-015373E8AF0F}.Release|Any CPU.ActiveCfg = Release|Any CPU
		{274D9C0E-E76A-41EE-82B6-015373E8AF0F}.Release|Any CPU.Build.0 = Release|Any CPU
		{787901FA-F890-4803-A02E-A23D1DAE0D66}.Debug|Any CPU.ActiveCfg = Debug|Any CPU
		{787901FA-F890-4803-A02E-A23D1DAE0D66}.Debug|Any CPU.Build.0 = Debug|Any CPU
		{787901FA-F890-4803-A02E-A23D1DAE0D66}.Release|Any CPU.ActiveCfg = Release|Any CPU
		{787901FA-F890-4803-A02E-A23D1DAE0D66}.Release|Any CPU.Build.0 = Release|Any CPU
		{D7C4E220-7CF4-480A-96B2-58200DB57F20}.Debug|Any CPU.ActiveCfg = Debug|Any CPU
		{D7C4E220-7CF4-480A-96B2-58200DB57F20}.Debug|Any CPU.Build.0 = Debug|Any CPU
		{D7C4E220-7CF4-480A-96B2-58200DB57F20}.Release|Any CPU.ActiveCfg = Release|Any CPU
		{D7C4E220-7CF4-480A-96B2-58200DB57F20}.Release|Any CPU.Build.0 = Release|Any CPU
		{B2CE7C6D-8728-44C9-9DF4-053623CD35EA}.Debug|Any CPU.ActiveCfg = Debug|Any CPU
		{B2CE7C6D-8728-44C9-9DF4-053623CD35EA}.Debug|Any CPU.Build.0 = Debug|Any CPU
		{B2CE7C6D-8728-44C9-9DF4-053623CD35EA}.Release|Any CPU.ActiveCfg = Release|Any CPU
		{B2CE7C6D-8728-44C9-9DF4-053623CD35EA}.Release|Any CPU.Build.0 = Release|Any CPU
		{F7BDC30D-E2E0-42D6-A854-70D740845CD9}.Debug|Any CPU.ActiveCfg = Debug|Any CPU
		{F7BDC30D-E2E0-42D6-A854-70D740845CD9}.Debug|Any CPU.Build.0 = Debug|Any CPU
		{F7BDC30D-E2E0-42D6-A854-70D740845CD9}.Release|Any CPU.ActiveCfg = Release|Any CPU
		{F7BDC30D-E2E0-42D6-A854-70D740845CD9}.Release|Any CPU.Build.0 = Release|Any CPU
	EndGlobalSection
	GlobalSection(SolutionProperties) = preSolution
		HideSolutionNode = FALSE
	EndGlobalSection
	GlobalSection(ExtensibilityGlobals) = postSolution
		SolutionGuid = {1CB4DCB0-330B-4968-AE03-197F87554E62}
	EndGlobalSection
EndGlobal
