
Microsoft Visual Studio Solution File, Format Version 12.00
# Visual Studio Version 17
VisualStudioVersion = 17.1.32210.238
MinimumVisualStudioVersion = 10.0.40219.1
Project("{FAE04EC0-301F-11D3-BF4B-00C04F79EFBC}") = "_02.CarRace", "_02.CarRace\_02.CarRace.csproj", "{CEB82A6E-554D-419C-B095-D9B945CCB12A}"
EndProject
Project("{FAE04EC0-301F-11D3-BF4B-00C04F79EFBC}") = "_03.TakeSkipRope", "_03.TakeSkipRope\_03.TakeSkipRope.csproj", "{E16CD0EF-3987-4132-8B82-1122A6FC879A}"
EndProject
Project("{FAE04EC0-301F-11D3-BF4B-00C04F79EFBC}") = "_04.MixedUpLists", "_04.MixedUpLists\_04.MixedUpLists.csproj", "{959B7646-0C08-44FF-AB17-5B46E665E32B}"
EndProject
Project("{FAE04EC0-301F-11D3-BF4B-00C04F79EFBC}") = "_01.Messaging", "_01.Messaging\_01.Messaging.csproj", "{A04E0E23-2D82-4739-9C5C-097D9E45D7CC}"
EndProject
Project("{FAE04EC0-301F-11D3-BF4B-00C04F79EFBC}") = "_05.DrumSet", "_05.DrumSet\_05.DrumSet.csproj", "{3668F05E-888C-4565-8F6A-20AD313F9F0F}"
EndProject
Global
	GlobalSection(SolutionConfigurationPlatforms) = preSolution
		Debug|Any CPU = Debug|Any CPU
		Release|Any CPU = Release|Any CPU
	EndGlobalSection
	GlobalSection(ProjectConfigurationPlatforms) = postSolution
		{CEB82A6E-554D-419C-B095-D9B945CCB12A}.Debug|Any CPU.ActiveCfg = Debug|Any CPU
		{CEB82A6E-554D-419C-B095-D9B945CCB12A}.Debug|Any CPU.Build.0 = Debug|Any CPU
		{CEB82A6E-554D-419C-B095-D9B945CCB12A}.Release|Any CPU.ActiveCfg = Release|Any CPU
		{CEB82A6E-554D-419C-B095-D9B945CCB12A}.Release|Any CPU.Build.0 = Release|Any CPU
		{E16CD0EF-3987-4132-8B82-1122A6FC879A}.Debug|Any CPU.ActiveCfg = Debug|Any CPU
		{E16CD0EF-3987-4132-8B82-1122A6FC879A}.Debug|Any CPU.Build.0 = Debug|Any CPU
		{E16CD0EF-3987-4132-8B82-1122A6FC879A}.Release|Any CPU.ActiveCfg = Release|Any CPU
		{E16CD0EF-3987-4132-8B82-1122A6FC879A}.Release|Any CPU.Build.0 = Release|Any CPU
		{959B7646-0C08-44FF-AB17-5B46E665E32B}.Debug|Any CPU.ActiveCfg = Debug|Any CPU
		{959B7646-0C08-44FF-AB17-5B46E665E32B}.Debug|Any CPU.Build.0 = Debug|Any CPU
		{959B7646-0C08-44FF-AB17-5B46E665E32B}.Release|Any CPU.ActiveCfg = Release|Any CPU
		{959B7646-0C08-44FF-AB17-5B46E665E32B}.Release|Any CPU.Build.0 = Release|Any CPU
		{A04E0E23-2D82-4739-9C5C-097D9E45D7CC}.Debug|Any CPU.ActiveCfg = Debug|Any CPU
		{A04E0E23-2D82-4739-9C5C-097D9E45D7CC}.Debug|Any CPU.Build.0 = Debug|Any CPU
		{A04E0E23-2D82-4739-9C5C-097D9E45D7CC}.Release|Any CPU.ActiveCfg = Release|Any CPU
		{A04E0E23-2D82-4739-9C5C-097D9E45D7CC}.Release|Any CPU.Build.0 = Release|Any CPU
		{3668F05E-888C-4565-8F6A-20AD313F9F0F}.Debug|Any CPU.ActiveCfg = Debug|Any CPU
		{3668F05E-888C-4565-8F6A-20AD313F9F0F}.Debug|Any CPU.Build.0 = Debug|Any CPU
		{3668F05E-888C-4565-8F6A-20AD313F9F0F}.Release|Any CPU.ActiveCfg = Release|Any CPU
		{3668F05E-888C-4565-8F6A-20AD313F9F0F}.Release|Any CPU.Build.0 = Release|Any CPU
	EndGlobalSection
	GlobalSection(SolutionProperties) = preSolution
		HideSolutionNode = FALSE
	EndGlobalSection
	GlobalSection(ExtensibilityGlobals) = postSolution
		SolutionGuid = {57D20DE2-3EF0-484A-A8D1-46AFB743A163}
	EndGlobalSection
EndGlobal
