
Microsoft Visual Studio Solution File, Format Version 12.00
# Visual Studio Version 17
VisualStudioVersion = 17.1.32210.238
MinimumVisualStudioVersion = 10.0.40219.1
Project("{FAE04EC0-301F-11D3-BF4B-00C04F79EFBC}") = "01. Sort Even Numbers", "01. Sort Even Numbers\01. Sort Even Numbers.csproj", "{46457409-448A-4131-BCDB-133560830001}"
EndProject
Project("{FAE04EC0-301F-11D3-BF4B-00C04F79EFBC}") = "02. Sum Numbers", "02. Sum Numbers\02. Sum Numbers.csproj", "{EE22DFE8-E7C8-4315-8F4C-A8D174725B8A}"
EndProject
Project("{FAE04EC0-301F-11D3-BF4B-00C04F79EFBC}") = "03. Count Uppercase Words", "03. Count Uppercase Words\03. Count Uppercase Words.csproj", "{7BB2F93B-E196-4365-B633-B2836C633773}"
EndProject
Project("{FAE04EC0-301F-11D3-BF4B-00C04F79EFBC}") = "04. Add VAT", "04. Add VAT\04. Add VAT.csproj", "{3952B740-4C1A-4B67-A29B-2CDA3FA94D45}"
EndProject
Project("{FAE04EC0-301F-11D3-BF4B-00C04F79EFBC}") = "05. Filter By Age", "05. Filter By Age\05. Filter By Age.csproj", "{353538D9-2050-479A-BC8C-64F7D8B20093}"
EndProject
Global
	GlobalSection(SolutionConfigurationPlatforms) = preSolution
		Debug|Any CPU = Debug|Any CPU
		Release|Any CPU = Release|Any CPU
	EndGlobalSection
	GlobalSection(ProjectConfigurationPlatforms) = postSolution
		{46457409-448A-4131-BCDB-133560830001}.Debug|Any CPU.ActiveCfg = Debug|Any CPU
		{46457409-448A-4131-BCDB-133560830001}.Debug|Any CPU.Build.0 = Debug|Any CPU
		{46457409-448A-4131-BCDB-133560830001}.Release|Any CPU.ActiveCfg = Release|Any CPU
		{46457409-448A-4131-BCDB-133560830001}.Release|Any CPU.Build.0 = Release|Any CPU
		{EE22DFE8-E7C8-4315-8F4C-A8D174725B8A}.Debug|Any CPU.ActiveCfg = Debug|Any CPU
		{EE22DFE8-E7C8-4315-8F4C-A8D174725B8A}.Debug|Any CPU.Build.0 = Debug|Any CPU
		{EE22DFE8-E7C8-4315-8F4C-A8D174725B8A}.Release|Any CPU.ActiveCfg = Release|Any CPU
		{EE22DFE8-E7C8-4315-8F4C-A8D174725B8A}.Release|Any CPU.Build.0 = Release|Any CPU
		{7BB2F93B-E196-4365-B633-B2836C633773}.Debug|Any CPU.ActiveCfg = Debug|Any CPU
		{7BB2F93B-E196-4365-B633-B2836C633773}.Debug|Any CPU.Build.0 = Debug|Any CPU
		{7BB2F93B-E196-4365-B633-B2836C633773}.Release|Any CPU.ActiveCfg = Release|Any CPU
		{7BB2F93B-E196-4365-B633-B2836C633773}.Release|Any CPU.Build.0 = Release|Any CPU
		{3952B740-4C1A-4B67-A29B-2CDA3FA94D45}.Debug|Any CPU.ActiveCfg = Debug|Any CPU
		{3952B740-4C1A-4B67-A29B-2CDA3FA94D45}.Debug|Any CPU.Build.0 = Debug|Any CPU
		{3952B740-4C1A-4B67-A29B-2CDA3FA94D45}.Release|Any CPU.ActiveCfg = Release|Any CPU
		{3952B740-4C1A-4B67-A29B-2CDA3FA94D45}.Release|Any CPU.Build.0 = Release|Any CPU
		{353538D9-2050-479A-BC8C-64F7D8B20093}.Debug|Any CPU.ActiveCfg = Debug|Any CPU
		{353538D9-2050-479A-BC8C-64F7D8B20093}.Debug|Any CPU.Build.0 = Debug|Any CPU
		{353538D9-2050-479A-BC8C-64F7D8B20093}.Release|Any CPU.ActiveCfg = Release|Any CPU
		{353538D9-2050-479A-BC8C-64F7D8B20093}.Release|Any CPU.Build.0 = Release|Any CPU
	EndGlobalSection
	GlobalSection(SolutionProperties) = preSolution
		HideSolutionNode = FALSE
	EndGlobalSection
	GlobalSection(ExtensibilityGlobals) = postSolution
		SolutionGuid = {0186F6C8-4265-4D08-841F-6BEB70FB3649}
	EndGlobalSection
EndGlobal
