
Microsoft Visual Studio Solution File, Format Version 12.00
# Visual Studio Version 17
VisualStudioVersion = 17.1.32210.238
MinimumVisualStudioVersion = 10.0.40219.1
Project("{FAE04EC0-301F-11D3-BF4B-00C04F79EFBC}") = "01. Ranking", "01. Ranking\01. Ranking.csproj", "{C90E3708-5840-44F1-98C1-EF8FC30CB71C}"
EndProject
Project("{FAE04EC0-301F-11D3-BF4B-00C04F79EFBC}") = "02. Judge", "02. Judge\02. Judge.csproj", "{DE257591-1C8B-4055-B198-313C94B4B7B0}"
EndProject
Project("{FAE04EC0-301F-11D3-BF4B-00C04F79EFBC}") = "03. MOBA Challenger", "03. MOBA Challenger\03. MOBA Challenger.csproj", "{772B5EE5-E0AC-4627-8D2D-C058B08F008A}"
EndProject
Project("{FAE04EC0-301F-11D3-BF4B-00C04F79EFBC}") = "04. Snowwhite", "04. Snowwhite\04. Snowwhite.csproj", "{4896EB02-CB94-46B6-A4CF-5E0A7497DD3C}"
EndProject
Project("{FAE04EC0-301F-11D3-BF4B-00C04F79EFBC}") = "05. Dragon Army", "05. Dragon Army\05. Dragon Army.csproj", "{27AFF4FD-0BC4-419E-A83C-E4CAD84597B8}"
EndProject
Global
	GlobalSection(SolutionConfigurationPlatforms) = preSolution
		Debug|Any CPU = Debug|Any CPU
		Release|Any CPU = Release|Any CPU
	EndGlobalSection
	GlobalSection(ProjectConfigurationPlatforms) = postSolution
		{C90E3708-5840-44F1-98C1-EF8FC30CB71C}.Debug|Any CPU.ActiveCfg = Debug|Any CPU
		{C90E3708-5840-44F1-98C1-EF8FC30CB71C}.Debug|Any CPU.Build.0 = Debug|Any CPU
		{C90E3708-5840-44F1-98C1-EF8FC30CB71C}.Release|Any CPU.ActiveCfg = Release|Any CPU
		{C90E3708-5840-44F1-98C1-EF8FC30CB71C}.Release|Any CPU.Build.0 = Release|Any CPU
		{DE257591-1C8B-4055-B198-313C94B4B7B0}.Debug|Any CPU.ActiveCfg = Debug|Any CPU
		{DE257591-1C8B-4055-B198-313C94B4B7B0}.Debug|Any CPU.Build.0 = Debug|Any CPU
		{DE257591-1C8B-4055-B198-313C94B4B7B0}.Release|Any CPU.ActiveCfg = Release|Any CPU
		{DE257591-1C8B-4055-B198-313C94B4B7B0}.Release|Any CPU.Build.0 = Release|Any CPU
		{772B5EE5-E0AC-4627-8D2D-C058B08F008A}.Debug|Any CPU.ActiveCfg = Debug|Any CPU
		{772B5EE5-E0AC-4627-8D2D-C058B08F008A}.Debug|Any CPU.Build.0 = Debug|Any CPU
		{772B5EE5-E0AC-4627-8D2D-C058B08F008A}.Release|Any CPU.ActiveCfg = Release|Any CPU
		{772B5EE5-E0AC-4627-8D2D-C058B08F008A}.Release|Any CPU.Build.0 = Release|Any CPU
		{4896EB02-CB94-46B6-A4CF-5E0A7497DD3C}.Debug|Any CPU.ActiveCfg = Debug|Any CPU
		{4896EB02-CB94-46B6-A4CF-5E0A7497DD3C}.Debug|Any CPU.Build.0 = Debug|Any CPU
		{4896EB02-CB94-46B6-A4CF-5E0A7497DD3C}.Release|Any CPU.ActiveCfg = Release|Any CPU
		{4896EB02-CB94-46B6-A4CF-5E0A7497DD3C}.Release|Any CPU.Build.0 = Release|Any CPU
		{27AFF4FD-0BC4-419E-A83C-E4CAD84597B8}.Debug|Any CPU.ActiveCfg = Debug|Any CPU
		{27AFF4FD-0BC4-419E-A83C-E4CAD84597B8}.Debug|Any CPU.Build.0 = Debug|Any CPU
		{27AFF4FD-0BC4-419E-A83C-E4CAD84597B8}.Release|Any CPU.ActiveCfg = Release|Any CPU
		{27AFF4FD-0BC4-419E-A83C-E4CAD84597B8}.Release|Any CPU.Build.0 = Release|Any CPU
	EndGlobalSection
	GlobalSection(SolutionProperties) = preSolution
		HideSolutionNode = FALSE
	EndGlobalSection
	GlobalSection(ExtensibilityGlobals) = postSolution
		SolutionGuid = {5E4B189D-5183-4795-8E61-6ADA213D46C6}
	EndGlobalSection
EndGlobal
