
Microsoft Visual Studio Solution File, Format Version 12.00
# Visual Studio Version 17
VisualStudioVersion = 17.1.32210.238
MinimumVisualStudioVersion = 10.0.40219.1
Project("{9A19103F-16F7-4668-BE54-9A1E7A4F7556}") = "_01.Ages", "_01.Ages\_01.Ages.csproj", "{BE21FD7B-034C-4A76-A1B6-57FC1D3FC443}"
EndProject
Project("{9A19103F-16F7-4668-BE54-9A1E7A4F7556}") = "_02.Division", "_02.Division\_02.Division.csproj", "{2E2245EF-7557-4B6B-B524-E31BC02F6D8A}"
EndProject
Project("{FAE04EC0-301F-11D3-BF4B-00C04F79EFBC}") = "_03.Vacation", "_03.Vacation\_03.Vacation.csproj", "{430FBD7A-F72F-4EB1-B713-9EBF4514280A}"
EndProject
Project("{FAE04EC0-301F-11D3-BF4B-00C04F79EFBC}") = "_04.PrintAndSum", "_04.PrintAndSum\_04.PrintAndSum.csproj", "{A75C5D50-C8A4-46C4-B579-84FC3BA8B28E}"
EndProject
Project("{FAE04EC0-301F-11D3-BF4B-00C04F79EFBC}") = "_05.Login", "_05.Login\_05.Login.csproj", "{DC983049-FC0E-4CB9-9FEE-EBBDE3F04F6F}"
EndProject
Project("{FAE04EC0-301F-11D3-BF4B-00C04F79EFBC}") = "_06.StrongNumber", "_06.StrongNumber\_06.StrongNumber.csproj", "{76909C22-9491-47EE-86F1-D864D5347B24}"
EndProject
Project("{FAE04EC0-301F-11D3-BF4B-00C04F79EFBC}") = "_07.VendingMachine", "_07.VendingMachine\_07.VendingMachine.csproj", "{F034AF63-4699-4ABD-8747-D0A4B1305654}"
EndProject
Project("{FAE04EC0-301F-11D3-BF4B-00C04F79EFBC}") = "_08.TriangleOfNumbers", "_08.TriangleOfNumbers\_08.TriangleOfNumbers.csproj", "{2CA43B8D-ECC6-477B-96F7-D42CE8F70E23}"
EndProject
Project("{FAE04EC0-301F-11D3-BF4B-00C04F79EFBC}") = "_09.PadawanEquipment", "_09.PadawanEquipment\_09.PadawanEquipment.csproj", "{7ABBE735-B72C-4F17-B491-DDEA30F10953}"
EndProject
Project("{FAE04EC0-301F-11D3-BF4B-00C04F79EFBC}") = "_10.RageExpenses", "_10.RageExpenses\_10.RageExpenses.csproj", "{F6C2354E-51FF-4C14-B928-5A5DA957E154}"
EndProject
Global
	GlobalSection(SolutionConfigurationPlatforms) = preSolution
		Debug|Any CPU = Debug|Any CPU
		Release|Any CPU = Release|Any CPU
	EndGlobalSection
	GlobalSection(ProjectConfigurationPlatforms) = postSolution
		{BE21FD7B-034C-4A76-A1B6-57FC1D3FC443}.Debug|Any CPU.ActiveCfg = Debug|Any CPU
		{BE21FD7B-034C-4A76-A1B6-57FC1D3FC443}.Debug|Any CPU.Build.0 = Debug|Any CPU
		{BE21FD7B-034C-4A76-A1B6-57FC1D3FC443}.Release|Any CPU.ActiveCfg = Release|Any CPU
		{BE21FD7B-034C-4A76-A1B6-57FC1D3FC443}.Release|Any CPU.Build.0 = Release|Any CPU
		{2E2245EF-7557-4B6B-B524-E31BC02F6D8A}.Debug|Any CPU.ActiveCfg = Debug|Any CPU
		{2E2245EF-7557-4B6B-B524-E31BC02F6D8A}.Debug|Any CPU.Build.0 = Debug|Any CPU
		{2E2245EF-7557-4B6B-B524-E31BC02F6D8A}.Release|Any CPU.ActiveCfg = Release|Any CPU
		{2E2245EF-7557-4B6B-B524-E31BC02F6D8A}.Release|Any CPU.Build.0 = Release|Any CPU
		{430FBD7A-F72F-4EB1-B713-9EBF4514280A}.Debug|Any CPU.ActiveCfg = Debug|Any CPU
		{430FBD7A-F72F-4EB1-B713-9EBF4514280A}.Debug|Any CPU.Build.0 = Debug|Any CPU
		{430FBD7A-F72F-4EB1-B713-9EBF4514280A}.Release|Any CPU.ActiveCfg = Release|Any CPU
		{430FBD7A-F72F-4EB1-B713-9EBF4514280A}.Release|Any CPU.Build.0 = Release|Any CPU
		{A75C5D50-C8A4-46C4-B579-84FC3BA8B28E}.Debug|Any CPU.ActiveCfg = Debug|Any CPU
		{A75C5D50-C8A4-46C4-B579-84FC3BA8B28E}.Debug|Any CPU.Build.0 = Debug|Any CPU
		{A75C5D50-C8A4-46C4-B579-84FC3BA8B28E}.Release|Any CPU.ActiveCfg = Release|Any CPU
		{A75C5D50-C8A4-46C4-B579-84FC3BA8B28E}.Release|Any CPU.Build.0 = Release|Any CPU
		{DC983049-FC0E-4CB9-9FEE-EBBDE3F04F6F}.Debug|Any CPU.ActiveCfg = Debug|Any CPU
		{DC983049-FC0E-4CB9-9FEE-EBBDE3F04F6F}.Debug|Any CPU.Build.0 = Debug|Any CPU
		{DC983049-FC0E-4CB9-9FEE-EBBDE3F04F6F}.Release|Any CPU.ActiveCfg = Release|Any CPU
		{DC983049-FC0E-4CB9-9FEE-EBBDE3F04F6F}.Release|Any CPU.Build.0 = Release|Any CPU
		{76909C22-9491-47EE-86F1-D864D5347B24}.Debug|Any CPU.ActiveCfg = Debug|Any CPU
		{76909C22-9491-47EE-86F1-D864D5347B24}.Debug|Any CPU.Build.0 = Debug|Any CPU
		{76909C22-9491-47EE-86F1-D864D5347B24}.Release|Any CPU.ActiveCfg = Release|Any CPU
		{76909C22-9491-47EE-86F1-D864D5347B24}.Release|Any CPU.Build.0 = Release|Any CPU
		{F034AF63-4699-4ABD-8747-D0A4B1305654}.Debug|Any CPU.ActiveCfg = Debug|Any CPU
		{F034AF63-4699-4ABD-8747-D0A4B1305654}.Debug|Any CPU.Build.0 = Debug|Any CPU
		{F034AF63-4699-4ABD-8747-D0A4B1305654}.Release|Any CPU.ActiveCfg = Release|Any CPU
		{F034AF63-4699-4ABD-8747-D0A4B1305654}.Release|Any CPU.Build.0 = Release|Any CPU
		{2CA43B8D-ECC6-477B-96F7-D42CE8F70E23}.Debug|Any CPU.ActiveCfg = Debug|Any CPU
		{2CA43B8D-ECC6-477B-96F7-D42CE8F70E23}.Debug|Any CPU.Build.0 = Debug|Any CPU
		{2CA43B8D-ECC6-477B-96F7-D42CE8F70E23}.Release|Any CPU.ActiveCfg = Release|Any CPU
		{2CA43B8D-ECC6-477B-96F7-D42CE8F70E23}.Release|Any CPU.Build.0 = Release|Any CPU
		{7ABBE735-B72C-4F17-B491-DDEA30F10953}.Debug|Any CPU.ActiveCfg = Debug|Any CPU
		{7ABBE735-B72C-4F17-B491-DDEA30F10953}.Debug|Any CPU.Build.0 = Debug|Any CPU
		{7ABBE735-B72C-4F17-B491-DDEA30F10953}.Release|Any CPU.ActiveCfg = Release|Any CPU
		{7ABBE735-B72C-4F17-B491-DDEA30F10953}.Release|Any CPU.Build.0 = Release|Any CPU
		{F6C2354E-51FF-4C14-B928-5A5DA957E154}.Debug|Any CPU.ActiveCfg = Debug|Any CPU
		{F6C2354E-51FF-4C14-B928-5A5DA957E154}.Debug|Any CPU.Build.0 = Debug|Any CPU
		{F6C2354E-51FF-4C14-B928-5A5DA957E154}.Release|Any CPU.ActiveCfg = Release|Any CPU
		{F6C2354E-51FF-4C14-B928-5A5DA957E154}.Release|Any CPU.Build.0 = Release|Any CPU
	EndGlobalSection
	GlobalSection(SolutionProperties) = preSolution
		HideSolutionNode = FALSE
	EndGlobalSection
	GlobalSection(ExtensibilityGlobals) = postSolution
		SolutionGuid = {5209C431-4F32-4DE4-BF42-1AC5BCE4643F}
	EndGlobalSection
EndGlobal
