
Microsoft Visual Studio Solution File, Format Version 12.00
# Visual Studio Version 17
VisualStudioVersion = 17.1.32210.238
MinimumVisualStudioVersion = 10.0.40219.1
Project("{FAE04EC0-301F-11D3-BF4B-00C04F79EFBC}") = "_01.SumSeconds", "_01.SumSeconds\_01.SumSeconds.csproj", "{0551EF8A-1370-46B1-97DA-868AD6B6165A}"
EndProject
Project("{FAE04EC0-301F-11D3-BF4B-00C04F79EFBC}") = "_02.BonusScore", "_02.BonusScore\_02.BonusScore.csproj", "{00E1A1FA-BC35-4ACD-8D36-18DCEDF2FB0B}"
EndProject
Project("{FAE04EC0-301F-11D3-BF4B-00C04F79EFBC}") = "_03.Time+15Minutes", "_03.Time+15Minutes\_03.Time+15Minutes.csproj", "{3C3B5082-14A8-4EFD-95A8-BE24E3454B2C}"
EndProject
Project("{FAE04EC0-301F-11D3-BF4B-00C04F79EFBC}") = "_04.ToyShop", "_04.ToyShop\_04.ToyShop.csproj", "{F0CCECAF-FFE1-42EC-9D54-871A4BCE95F4}"
EndProject
Project("{FAE04EC0-301F-11D3-BF4B-00C04F79EFBC}") = "_05.GodzillaVs.Kong", "_05.GodzillaVs.Kong\_05.GodzillaVs.Kong.csproj", "{E0B37025-84EA-4CB5-B75D-72AAB5C054AE}"
EndProject
Project("{FAE04EC0-301F-11D3-BF4B-00C04F79EFBC}") = "_06.WorldSwimmingRecord", "_06.WorldSwimmingRecord\_06.WorldSwimmingRecord.csproj", "{D544AFD8-0398-49D3-AF0E-31F27BCA2D08}"
EndProject
Project("{FAE04EC0-301F-11D3-BF4B-00C04F79EFBC}") = "_07.Shopping", "_07.Shopping\_07.Shopping.csproj", "{3FCB4839-FC09-4E48-A784-1F1CFE14D4C4}"
EndProject
Project("{FAE04EC0-301F-11D3-BF4B-00C04F79EFBC}") = "_08.LunchBreak", "_08.LunchBreak\_08.LunchBreak.csproj", "{BD60DD0A-CA4E-493F-B827-72B9C468AA7B}"
EndProject
Global
	GlobalSection(SolutionConfigurationPlatforms) = preSolution
		Debug|Any CPU = Debug|Any CPU
		Release|Any CPU = Release|Any CPU
	EndGlobalSection
	GlobalSection(ProjectConfigurationPlatforms) = postSolution
		{0551EF8A-1370-46B1-97DA-868AD6B6165A}.Debug|Any CPU.ActiveCfg = Debug|Any CPU
		{0551EF8A-1370-46B1-97DA-868AD6B6165A}.Debug|Any CPU.Build.0 = Debug|Any CPU
		{0551EF8A-1370-46B1-97DA-868AD6B6165A}.Release|Any CPU.ActiveCfg = Release|Any CPU
		{0551EF8A-1370-46B1-97DA-868AD6B6165A}.Release|Any CPU.Build.0 = Release|Any CPU
		{00E1A1FA-BC35-4ACD-8D36-18DCEDF2FB0B}.Debug|Any CPU.ActiveCfg = Debug|Any CPU
		{00E1A1FA-BC35-4ACD-8D36-18DCEDF2FB0B}.Debug|Any CPU.Build.0 = Debug|Any CPU
		{00E1A1FA-BC35-4ACD-8D36-18DCEDF2FB0B}.Release|Any CPU.ActiveCfg = Release|Any CPU
		{00E1A1FA-BC35-4ACD-8D36-18DCEDF2FB0B}.Release|Any CPU.Build.0 = Release|Any CPU
		{3C3B5082-14A8-4EFD-95A8-BE24E3454B2C}.Debug|Any CPU.ActiveCfg = Debug|Any CPU
		{3C3B5082-14A8-4EFD-95A8-BE24E3454B2C}.Debug|Any CPU.Build.0 = Debug|Any CPU
		{3C3B5082-14A8-4EFD-95A8-BE24E3454B2C}.Release|Any CPU.ActiveCfg = Release|Any CPU
		{3C3B5082-14A8-4EFD-95A8-BE24E3454B2C}.Release|Any CPU.Build.0 = Release|Any CPU
		{F0CCECAF-FFE1-42EC-9D54-871A4BCE95F4}.Debug|Any CPU.ActiveCfg = Debug|Any CPU
		{F0CCECAF-FFE1-42EC-9D54-871A4BCE95F4}.Debug|Any CPU.Build.0 = Debug|Any CPU
		{F0CCECAF-FFE1-42EC-9D54-871A4BCE95F4}.Release|Any CPU.ActiveCfg = Release|Any CPU
		{F0CCECAF-FFE1-42EC-9D54-871A4BCE95F4}.Release|Any CPU.Build.0 = Release|Any CPU
		{E0B37025-84EA-4CB5-B75D-72AAB5C054AE}.Debug|Any CPU.ActiveCfg = Debug|Any CPU
		{E0B37025-84EA-4CB5-B75D-72AAB5C054AE}.Debug|Any CPU.Build.0 = Debug|Any CPU
		{E0B37025-84EA-4CB5-B75D-72AAB5C054AE}.Release|Any CPU.ActiveCfg = Release|Any CPU
		{E0B37025-84EA-4CB5-B75D-72AAB5C054AE}.Release|Any CPU.Build.0 = Release|Any CPU
		{D544AFD8-0398-49D3-AF0E-31F27BCA2D08}.Debug|Any CPU.ActiveCfg = Debug|Any CPU
		{D544AFD8-0398-49D3-AF0E-31F27BCA2D08}.Debug|Any CPU.Build.0 = Debug|Any CPU
		{D544AFD8-0398-49D3-AF0E-31F27BCA2D08}.Release|Any CPU.ActiveCfg = Release|Any CPU
		{D544AFD8-0398-49D3-AF0E-31F27BCA2D08}.Release|Any CPU.Build.0 = Release|Any CPU
		{3FCB4839-FC09-4E48-A784-1F1CFE14D4C4}.Debug|Any CPU.ActiveCfg = Debug|Any CPU
		{3FCB4839-FC09-4E48-A784-1F1CFE14D4C4}.Debug|Any CPU.Build.0 = Debug|Any CPU
		{3FCB4839-FC09-4E48-A784-1F1CFE14D4C4}.Release|Any CPU.ActiveCfg = Release|Any CPU
		{3FCB4839-FC09-4E48-A784-1F1CFE14D4C4}.Release|Any CPU.Build.0 = Release|Any CPU
		{BD60DD0A-CA4E-493F-B827-72B9C468AA7B}.Debug|Any CPU.ActiveCfg = Debug|Any CPU
		{BD60DD0A-CA4E-493F-B827-72B9C468AA7B}.Debug|Any CPU.Build.0 = Debug|Any CPU
		{BD60DD0A-CA4E-493F-B827-72B9C468AA7B}.Release|Any CPU.ActiveCfg = Release|Any CPU
		{BD60DD0A-CA4E-493F-B827-72B9C468AA7B}.Release|Any CPU.Build.0 = Release|Any CPU
	EndGlobalSection
	GlobalSection(SolutionProperties) = preSolution
		HideSolutionNode = FALSE
	EndGlobalSection
	GlobalSection(ExtensibilityGlobals) = postSolution
		SolutionGuid = {517C5EAA-DE07-436B-A6B3-BC470587BD89}
	EndGlobalSection
EndGlobal
